{
    "rrweb": {
        "version": "0.9.14",
        "resolved": "https://registry.npmjs.org/rrweb/-/rrweb-0.9.14.tgz",
        "integrity": "sha512-nm2rrVNoyWFPrbGQmcvTTlA7XjbbgPIgO7qsW0Zyr5iOURIFJDGPHFmOVLRyLpWiriVtEoXh6a+x+D1sj+qwWg==",
        "requires": {
          "@types/css-font-loading-module": "0.0.4",
          "@xstate/fsm": "^1.4.0",
          "fflate": "^0.4.4",
          "mitt": "^1.1.3",
          "rrweb-snapshot": "git+git@bitbucket.org:calmisland/rrweb-snapshot.git"
        }
    }
}